<Solution>
  <Configurations>
    <Platform Name="ARM64" />
    <Platform Name="x64" />
    <Platform Name="x86" />
  </Configurations>
  <Folder Name="/Client/">
    <Project Path="Client/HaloPixelToolBox.Installer/HaloPixelToolBox.Installer.csproj" Id="2ff32c8b-4030-4872-af93-8176e0a1edec" />
    <Project Path="Client/HaloPixelToolBox.Client/HaloPixelToolBox.Client.csproj">
      <Platform Solution="*|ARM64" Project="ARM64" />
      <Platform Solution="*|x64" Project="x64" />
      <Platform Solution="*|x86" Project="x86" />
      <Deploy />
    </Project>
    <Project Path="Client/HaloPixelToolBox.Client.Test/HaloPixelToolBox.Client.Test.csproj" />
  </Folder>
  <Folder Name="/Core/">
    <Project Path="Core/HaloPixelToolBox.Core/HaloPixelToolBox.Core.csproj" />
  </Folder>
  <Folder Name="/Server/">
    <Project Path="Server/HaloPixelToolBox.Server/HaloPixelToolBox.Server.csproj" Id="8483c595-234b-447b-92e5-a92090e7a46d" />
  </Folder>
</Solution>
